dependencies:
- name: postgresql
  repository: https://chanzuckerberg.github.io/helm-charts
  version: 12.1.6
- name: redis
  repository: https://chanzuckerberg.github.io/helm-charts
  version: 17.3.17
digest: sha256:bdbc8f9b77ae176d47667b531ba1b05ea16c47a5c572c6637f848dc0c2f916fc
generated: "2025-09-12T18:03:04.561713-07:00"
